
Microsoft Visual Studio Solution File, Format Version 12.00
Project("{FAE04EC0-301F-11D3-BF4B-00C04F79EFBC}") = "1. Kata 1 - Console Output and Input", "1. Kata 1 - Console Output and Input\1. Kata 1 - Console Output and Input.csproj", "{5AC2B2EE-DDAE-4321-9C19-56DD041BCD4B}"
EndProject
Project("{FAE04EC0-301F-11D3-BF4B-00C04F79EFBC}") = "2. Mini-Kata 1 - Variable Practice", "2. Mini-Kata 1 - Variable Practice\2. Mini-Kata 1 - Variable Practice.csproj", "{5EF988C2-D44A-4866-BCDE-639FEFDE69FB}"
EndProject
Project("{FAE04EC0-301F-11D3-BF4B-00C04F79EFBC}") = "3. Mini-Kata 2 - Variable Practice with Type Conversion", "3. Mini-Kata 2 - Variable Practice with Type Conversion\3. Mini-Kata 2 - Variable Practice with Type Conversion.csproj", "{8A01FFC8-6591-4BE8-8E69-5DA5FE797CBD}"
EndProject
Project("{FAE04EC0-301F-11D3-BF4B-00C04F79EFBC}") = "4. Mini-Kata 3 - Conditionals Challenge", "4. Mini-Kata 3 - Conditionals Challenge\4. Mini-Kata 3 - Conditionals Challenge.csproj", "{A9677727-DBC8-4EB8-99B7-E06985A24DE5}"
EndProject
Project("{FAE04EC0-301F-11D3-BF4B-00C04F79EFBC}") = "5. Kata 2 - Variables and Data Types", "5. Kata 2 - Variables and Data Types\5. Kata 2 - Variables and Data Types.csproj", "{6AD5859E-4886-4E08-BEF8-BD29C56FA0D4}"
EndProject
Project("{FAE04EC0-301F-11D3-BF4B-00C04F79EFBC}") = "6. Mini-Kata 4 - Basic Loops", "6. Mini-Kata 4 - Basic Loops\6. Mini-Kata 4 - Basic Loops.csproj", "{F71CE33A-8725-43FF-AE68-32E85269AC69}"
EndProject
Project("{FAE04EC0-301F-11D3-BF4B-00C04F79EFBC}") = "7. Kata 3 - Conditionals", "7. Kata 3 - Conditionals\7. Kata 3 - Conditionals.csproj", "{5A4BB16F-A87B-4A6C-B269-403F78BBC2C1}"
EndProject
Global
	GlobalSection(SolutionConfigurationPlatforms) = preSolution
		Debug|Any CPU = Debug|Any CPU
		Release|Any CPU = Release|Any CPU
	EndGlobalSection
	GlobalSection(ProjectConfigurationPlatforms) = postSolution
		{5AC2B2EE-DDAE-4321-9C19-56DD041BCD4B}.Debug|Any CPU.ActiveCfg = Debug|Any CPU
		{5AC2B2EE-DDAE-4321-9C19-56DD041BCD4B}.Debug|Any CPU.Build.0 = Debug|Any CPU
		{5AC2B2EE-DDAE-4321-9C19-56DD041BCD4B}.Release|Any CPU.ActiveCfg = Release|Any CPU
		{5AC2B2EE-DDAE-4321-9C19-56DD041BCD4B}.Release|Any CPU.Build.0 = Release|Any CPU
		{5EF988C2-D44A-4866-BCDE-639FEFDE69FB}.Debug|Any CPU.ActiveCfg = Debug|Any CPU
		{5EF988C2-D44A-4866-BCDE-639FEFDE69FB}.Debug|Any CPU.Build.0 = Debug|Any CPU
		{5EF988C2-D44A-4866-BCDE-639FEFDE69FB}.Release|Any CPU.ActiveCfg = Release|Any CPU
		{5EF988C2-D44A-4866-BCDE-639FEFDE69FB}.Release|Any CPU.Build.0 = Release|Any CPU
		{8A01FFC8-6591-4BE8-8E69-5DA5FE797CBD}.Debug|Any CPU.ActiveCfg = Debug|Any CPU
		{8A01FFC8-6591-4BE8-8E69-5DA5FE797CBD}.Debug|Any CPU.Build.0 = Debug|Any CPU
		{8A01FFC8-6591-4BE8-8E69-5DA5FE797CBD}.Release|Any CPU.ActiveCfg = Release|Any CPU
		{8A01FFC8-6591-4BE8-8E69-5DA5FE797CBD}.Release|Any CPU.Build.0 = Release|Any CPU
		{A9677727-DBC8-4EB8-99B7-E06985A24DE5}.Debug|Any CPU.ActiveCfg = Debug|Any CPU
		{A9677727-DBC8-4EB8-99B7-E06985A24DE5}.Debug|Any CPU.Build.0 = Debug|Any CPU
		{A9677727-DBC8-4EB8-99B7-E06985A24DE5}.Release|Any CPU.ActiveCfg = Release|Any CPU
		{A9677727-DBC8-4EB8-99B7-E06985A24DE5}.Release|Any CPU.Build.0 = Release|Any CPU
		{6AD5859E-4886-4E08-BEF8-BD29C56FA0D4}.Debug|Any CPU.ActiveCfg = Debug|Any CPU
		{6AD5859E-4886-4E08-BEF8-BD29C56FA0D4}.Debug|Any CPU.Build.0 = Debug|Any CPU
		{6AD5859E-4886-4E08-BEF8-BD29C56FA0D4}.Release|Any CPU.ActiveCfg = Release|Any CPU
		{6AD5859E-4886-4E08-BEF8-BD29C56FA0D4}.Release|Any CPU.Build.0 = Release|Any CPU
		{F71CE33A-8725-43FF-AE68-32E85269AC69}.Debug|Any CPU.ActiveCfg = Debug|Any CPU
		{F71CE33A-8725-43FF-AE68-32E85269AC69}.Debug|Any CPU.Build.0 = Debug|Any CPU
		{F71CE33A-8725-43FF-AE68-32E85269AC69}.Release|Any CPU.ActiveCfg = Release|Any CPU
		{F71CE33A-8725-43FF-AE68-32E85269AC69}.Release|Any CPU.Build.0 = Release|Any CPU
		{5A4BB16F-A87B-4A6C-B269-403F78BBC2C1}.Debug|Any CPU.ActiveCfg = Debug|Any CPU
		{5A4BB16F-A87B-4A6C-B269-403F78BBC2C1}.Debug|Any CPU.Build.0 = Debug|Any CPU
		{5A4BB16F-A87B-4A6C-B269-403F78BBC2C1}.Release|Any CPU.ActiveCfg = Release|Any CPU
		{5A4BB16F-A87B-4A6C-B269-403F78BBC2C1}.Release|Any CPU.Build.0 = Release|Any CPU
	EndGlobalSection
EndGlobal
